// !$*UTF8*$!
{
	archiveVersion = 1;
	classes = {
	};
	objectVersion = 46;
	objects = {

/* Begin PBXBuildFile section */
		79D0E5F319CB23AC009C0B3D /* Foundation.framework in Frameworks */ = {isa = PBXBuildFile; fileRef = 79D0E5F219CB23AC009C0B3D /* Foundation.framework */; };
		79D0E5F519CB23AC009C0B3D /* CoreGraphics.framework in Frameworks */ = {isa = PBXBuildFile; fileRef = 79D0E5F419CB23AC009C0B3D /* CoreGraphics.framework */; };
		79D0E5F719CB23AC009C0B3D /* UIKit.framework in Frameworks */ = {isa = PBXBuildFile; fileRef = 79D0E5F619CB23AC009C0B3D /* UIKit.framework */; };
		79D0E5FD19CB23AD009C0B3D /* InfoPlist.strings in Resources */ = {isa = PBXBuildFile; fileRef = 79D0E5FB19CB23AD009C0B3D /* InfoPlist.strings */; };
		79D0E5FF19CB23AD009C0B3D /* main.m in Sources */ = {isa = PBXBuildFile; fileRef = 79D0E5FE19CB23AD009C0B3D /* main.m */; };
		79D0E60319CB23AD009C0B3D /* BNRAppDelegate.m in Sources */ = {isa = PBXBuildFile; fileRef = 79D0E60219CB23AD009C0B3D /* BNRAppDelegate.m */; };
		79D0E60519CB23AD009C0B3D /* Images.xcassets in Resources */ = {isa = PBXBuildFile; fileRef = 79D0E60419CB23AD009C0B3D /* Images.xcassets */; };
		79D0E60C19CB23AD009C0B3D /* XCTest.framework in Frameworks */ = {isa = PBXBuildFile; fileRef = 79D0E60B19CB23AD009C0B3D /* XCTest.framework */; };
		79D0E60D19CB23AD009C0B3D /* Foundation.framework in Frameworks */ = {isa = PBXBuildFile; fileRef = 79D0E5F219CB23AC009C0B3D /* Foundation.framework */; };
		79D0E60E19CB23AD009C0B3D /* UIKit.framework in Frameworks */ = {isa = PBXBuildFile; fileRef = 79D0E5F619CB23AC009C0B3D /* UIKit.framework */; };
		79D0E61619CB23AD009C0B3D /* InfoPlist.strings in Resources */ = {isa = PBXBuildFile; fileRef = 79D0E61419CB23AD009C0B3D /* InfoPlist.strings */; };
		79D0E61819CB23AD009C0B3D /* WorkoutBuddyTests.m in Sources */ = {isa = PBXBuildFile; fileRef = 79D0E61719CB23AD009C0B3D /* WorkoutBuddyTests.m */; };
/* End PBXBuildFile section */

/* Begin PBXContainerItemProxy section */
		79D0E60F19CB23AD009C0B3D /* PBXContainerItemProxy */ = {
			isa = PBXContainerItemProxy;
			containerPortal = 79D0E5E719CB23AC009C0B3D /* Project object */;
			proxyType = 1;
			remoteGlobalIDString = 79D0E5EE19CB23AC009C0B3D;
			remoteInfo = WorkoutBuddy;
		};
/* End PBXContainerItemProxy section */

/* Begin PBXFileReference section */
		79D0E5EF19CB23AC009C0B3D /* WorkoutBuddy.app */ = {isa = PBXFileReference; explicitFileType = wrapper.application; includeInIndex = 0; path = WorkoutBuddy.app; sourceTree = BUILT_PRODUCTS_DIR; };
		79D0E5F219CB23AC009C0B3D /* Foundation.framework */ = {isa = PBXFileReference; lastKnownFileType = wrapper.framework; name = Foundation.framework; path = System/Library/Frameworks/Foundation.framework; sourceTree = SDKROOT; };
		79D0E5F419CB23AC009C0B3D /* CoreGraphics.framework */ = {isa = PBXFileReference; lastKnownFileType = wrapper.framework; name = CoreGraphics.framework; path = System/Library/Frameworks/CoreGraphics.framework; sourceTree = SDKROOT; };
		79D0E5F619CB23AC009C0B3D /* UIKit.framework */ = {isa = PBXFileReference; lastKnownFileType = wrapper.framework; name = UIKit.framework; path = System/Library/Frameworks/UIKit.framework; sourceTree = SDKROOT; };
		79D0E5FA19CB23AD009C0B3D /* WorkoutBuddy-Info.plist */ = {isa = PBXFileReference; lastKnownFileType = text.plist.xml; path = "WorkoutBuddy-Info.plist"; sourceTree = "<group>"; };
		79D0E5FC19CB23AD009C0B3D /* en */ = {isa = PBXFileReference; lastKnownFileType = text.plist.strings; name = en; path = en.lproj/InfoPlist.strings; sourceTree = "<group>"; };
		79D0E5FE19CB23AD009C0B3D /* main.m */ = {isa = PBXFileReference; lastKnownFileType = sourcecode.c.objc; path = main.m; sourceTree = "<group>"; };
		79D0E60019CB23AD009C0B3D /* WorkoutBuddy-Prefix.pch */ = {isa = PBXFileReference; lastKnownFileType = sourcecode.c.h; path = "WorkoutBuddy-Prefix.pch"; sourceTree = "<group>"; };
		79D0E60119CB23AD009C0B3D /* BNRAppDelegate.h */ = {isa = PBXFileReference; lastKnownFileType = sourcecode.c.h; path = BNRAppDelegate.h; sourceTree = "<group>"; };
		79D0E60219CB23AD009C0B3D /* BNRAppDelegate.m */ = {isa = PBXFileReference; lastKnownFileType = sourcecode.c.objc; path = BNRAppDelegate.m; sourceTree = "<group>"; };
		79D0E60419CB23AD009C0B3D /* Images.xcassets */ = {isa = PBXFileReference; lastKnownFileType = folder.assetcatalog; path = Images.xcassets; sourceTree = "<group>"; };
		79D0E60A19CB23AD009C0B3D /* WorkoutBuddyTests.xctest */ = {isa = PBXFileReference; explicitFileType = wrapper.cfbundle; includeInIndex = 0; path = WorkoutBuddyTests.xctest; sourceTree = BUILT_PRODUCTS_DIR; };
		79D0E60B19CB23AD009C0B3D /* XCTest.framework */ = {isa = PBXFileReference; lastKnownFileType = wrapper.framework; name = XCTest.framework; path = Library/Frameworks/XCTest.framework; sourceTree = DEVELOPER_DIR; };
		79D0E61319CB23AD009C0B3D /* WorkoutBuddyTests-Info.plist */ = {isa = PBXFileReference; lastKnownFileType = text.plist.xml; path = "WorkoutBuddyTests-Info.plist"; sourceTree = "<group>"; };
		79D0E61519CB23AD009C0B3D /* en */ = {isa = PBXFileReference; lastKnownFileType = text.plist.strings; name = en; path = en.lproj/InfoPlist.strings; sourceTree = "<group>"; };
		79D0E61719CB23AD009C0B3D /* WorkoutBuddyTests.m */ = {isa = PBXFileReference; lastKnownFileType = sourcecode.c.objc; path = WorkoutBuddyTests.m; sourceTree = "<group>"; };
/* End PBXFileReference section */

/* Begin PBXFrameworksBuildPhase section */
		79D0E5EC19CB23AC009C0B3D /* Frameworks */ = {
			isa = PBXFrameworksBuildPhase;
			buildActionMask = 2147483647;
			files = (
				79D0E5F519CB23AC009C0B3D /* CoreGraphics.framework in Frameworks */,
				79D0E5F719CB23AC009C0B3D /* UIKit.framework in Frameworks */,
				79D0E5F319CB23AC009C0B3D /* Foundation.framework in Frameworks */,
			);
			runOnlyForDeploymentPostprocessing = 0;
		};
		79D0E60719CB23AD009C0B3D /* Frameworks */ = {
			isa = PBXFrameworksBuildPhase;
			buildActionMask = 2147483647;
			files = (
				79D0E60C19CB23AD009C0B3D /* XCTest.framework in Frameworks */,
				79D0E60E19CB23AD009C0B3D /* UIKit.framework in Frameworks */,
				79D0E60D19CB23AD009C0B3D /* Foundation.framework in Frameworks */,
			);
			runOnlyForDeploymentPostprocessing = 0;
		};
/* End PBXFrameworksBuildPhase section */

/* Begin PBXGroup section */
		79D0E5E619CB23AC009C0B3D = {
			isa = PBXGroup;
			children = (
				79D0E5F819CB23AC009C0B3D /* WorkoutBuddy */,
				79D0E61119CB23AD009C0B3D /* WorkoutBuddyTests */,
				79D0E5F119CB23AC009C0B3D /* Frameworks */,
				79D0E5F019CB23AC009C0B3D /* Products */,
			);
			sourceTree = "<group>";
		};
		79D0E5F019CB23AC009C0B3D /* Products */ = {
			isa = PBXGroup;
			children = (
				79D0E5EF19CB23AC009C0B3D /* WorkoutBuddy.app */,
				79D0E60A19CB23AD009C0B3D /* WorkoutBuddyTests.xctest */,
			);
			name = Products;
			sourceTree = "<group>";
		};
		79D0E5F119CB23AC009C0B3D /* Frameworks */ = {
			isa = PBXGroup;
			children = (
				79D0E5F219CB23AC009C0B3D /* Foundation.framework */,
				79D0E5F419CB23AC009C0B3D /* CoreGraphics.framework */,
				79D0E5F619CB23AC009C0B3D /* UIKit.framework */,
				79D0E60B19CB23AD009C0B3D /* XCTest.framework */,
			);
			name = Frameworks;
			sourceTree = "<group>";
		};
		79D0E5F819CB23AC009C0B3D /* WorkoutBuddy */ = {
			isa = PBXGroup;
			children = (
				79D0E60119CB23AD009C0B3D /* BNRAppDelegate.h */,
				79D0E60219CB23AD009C0B3D /* BNRAppDelegate.m */,
				79D0E60419CB23AD009C0B3D /* Images.xcassets */,
				79D0E5F919CB23AD009C0B3D /* Supporting Files */,
			);
			path = WorkoutBuddy;
			sourceTree = "<group>";
		};
		79D0E5F919CB23AD009C0B3D /* Supporting Files */ = {
			isa = PBXGroup;
			children = (
				79D0E5FA19CB23AD009C0B3D /* WorkoutBuddy-Info.plist */,
				79D0E5FB19CB23AD009C0B3D /* InfoPlist.strings */,
				79D0E5FE19CB23AD009C0B3D /* main.m */,
				79D0E60019CB23AD009C0B3D /* WorkoutBuddy-Prefix.pch */,
			);
			name = "Supporting Files";
			sourceTree = "<group>";
		};
		79D0E61119CB23AD009C0B3D /* WorkoutBuddyTests */ = {
			isa = PBXGroup;
			children = (
				79D0E61719CB23AD009C0B3D /* WorkoutBuddyTests.m */,
				79D0E61219CB23AD009C0B3D /* Supporting Files */,
			);
			path = WorkoutBuddyTests;
			sourceTree = "<group>";
		};
		79D0E61219CB23AD009C0B3D /* Supporting Files */ = {
			isa = PBXGroup;
			children = (
				79D0E61319CB23AD009C0B3D /* WorkoutBuddyTests-Info.plist */,
				79D0E61419CB23AD009C0B3D /* InfoPlist.strings */,
			);
			name = "Supporting Files";
			sourceTree = "<group>";
		};
/* End PBXGroup section */

/* Begin PBXNativeTarget section */
		79D0E5EE19CB23AC009C0B3D /* WorkoutBuddy */ = {
			isa = PBXNativeTarget;
			buildConfigurationList = 79D0E61B19CB23AD009C0B3D /* Build configuration list for PBXNativeTarget "WorkoutBuddy" */;
			buildPhases = (
				79D0E5EB19CB23AC009C0B3D /* Sources */,
				79D0E5EC19CB23AC009C0B3D /* Frameworks */,
				79D0E5ED19CB23AC009C0B3D /* Resources */,
			);
			buildRules = (
			);
			dependencies = (
			);
			name = WorkoutBuddy;
			productName = WorkoutBuddy;
			productReference = 79D0E5EF19CB23AC009C0B3D /* WorkoutBuddy.app */;
			productType = "com.apple.product-type.application";
		};
		79D0E60919CB23AD009C0B3D /* WorkoutBuddyTests */ = {
			isa = PBXNativeTarget;
			buildConfigurationList = 79D0E61E19CB23AD009C0B3D /* Build configuration list for PBXNativeTarget "WorkoutBuddyTests" */;
			buildPhases = (
				79D0E60619CB23AD009C0B3D /* Sources */,
				79D0E60719CB23AD009C0B3D /* Frameworks */,
				79D0E60819CB23AD009C0B3D /* Resources */,
			);
			buildRules = (
			);
			dependencies = (
				79D0E61019CB23AD009C0B3D /* PBXTargetDependency */,
			);
			name = WorkoutBuddyTests;
			productName = WorkoutBuddyTests;
			productReference = 79D0E60A19CB23AD009C0B3D /* WorkoutBuddyTests.xctest */;
			productType = "com.apple.product-type.bundle.unit-test";
		};
/* End PBXNativeTarget section */

/* Begin PBXProject section */
		79D0E5E719CB23AC009C0B3D /* Project object */ = {
			isa = PBXProject;
			attributes = {
				CLASSPREFIX = BNR;
				LastUpgradeCheck = 0510;
				ORGANIZATIONNAME = "Richard Whitney";
				TargetAttributes = {
					79D0E60919CB23AD009C0B3D = {
						TestTargetID = 79D0E5EE19CB23AC009C0B3D;
					};
				};
			};
			buildConfigurationList = 79D0E5EA19CB23AC009C0B3D /* Build configuration list for PBXProject "WorkoutBuddy" */;
			compatibilityVersion = "Xcode 3.2";
			developmentRegion = English;
			hasScannedForEncodings = 0;
			knownRegions = (
				en,
			);
			mainGroup = 79D0E5E619CB23AC009C0B3D;
			productRefGroup = 79D0E5F019CB23AC009C0B3D /* Products */;
			projectDirPath = "";
			projectRoot = "";
			targets = (
				79D0E5EE19CB23AC009C0B3D /* WorkoutBuddy */,
				79D0E60919CB23AD009C0B3D /* WorkoutBuddyTests */,
			);
		};
/* End PBXProject section */

/* Begin PBXResourcesBuildPhase section */
		79D0E5ED19CB23AC009C0B3D /* Resources */ = {
			isa = PBXResourcesBuildPhase;
			buildActionMask = 2147483647;
			files = (
				79D0E5FD19CB23AD009C0B3D /* InfoPlist.strings in Resources */,
				79D0E60519CB23AD009C0B3D /* Images.xcassets in Resources */,
			);
			runOnlyForDeploymentPostprocessing = 0;
		};
		79D0E60819CB23AD009C0B3D /* Resources */ = {
			isa = PBXResourcesBuildPhase;
			buildActionMask = 2147483647;
			files = (
				79D0E61619CB23AD009C0B3D /* InfoPlist.strings in Resources */,
			);
			runOnlyForDeploymentPostprocessing = 0;
		};
/* End PBXResourcesBuildPhase section */

/* Begin PBXSourcesBuildPhase section */
		79D0E5EB19CB23AC009C0B3D /* Sources */ = {
			isa = PBXSourcesBuildPhase;
			buildActionMask = 2147483647;
			files = (
				79D0E5FF19CB23AD009C0B3D /* main.m in Sources */,
				79D0E60319CB23AD009C0B3D /* BNRAppDelegate.m in Sources */,
			);
			runOnlyForDeploymentPostprocessing = 0;
		};
		79D0E60619CB23AD009C0B3D /* Sources */ = {
			isa = PBXSourcesBuildPhase;
			buildActionMask = 2147483647;
			files = (
				79D0E61819CB23AD009C0B3D /* WorkoutBuddyTests.m in Sources */,
			);
			runOnlyForDeploymentPostprocessing = 0;
		};
/* End PBXSourcesBuildPhase section */

/* Begin PBXTargetDependency section */
		79D0E61019CB23AD009C0B3D /* PBXTargetDependency */ = {
			isa = PBXTargetDependency;
			target = 79D0E5EE19CB23AC009C0B3D /* WorkoutBuddy */;
			targetProxy = 79D0E60F19CB23AD009C0B3D /* PBXContainerItemProxy */;
		};
/* End PBXTargetDependency section */

/* Begin PBXVariantGroup section */
		79D0E5FB19CB23AD009C0B3D /* InfoPlist.strings */ = {
			isa = PBXVariantGroup;
			children = (
				79D0E5FC19CB23AD009C0B3D /* en */,
			);
			name = InfoPlist.strings;
			sourceTree = "<group>";
		};
		79D0E61419CB23AD009C0B3D /* InfoPlist.strings */ = {
			isa = PBXVariantGroup;
			children = (
				79D0E61519CB23AD009C0B3D /* en */,
			);
			name = InfoPlist.strings;
			sourceTree = "<group>";
		};
/* End PBXVariantGroup section */

/* Begin XCBuildConfiguration section */
		79D0E61919CB23AD009C0B3D /* Debug */ = {
			isa = XCBuildConfiguration;
			buildSettings = {
				ALWAYS_SEARCH_USER_PATHS = NO;
				CLANG_CXX_LANGUAGE_STANDARD = "gnu++0x";
				CLANG_CXX_LIBRARY = "libc++";
				CLANG_ENABLE_MODULES = YES;
				CLANG_ENABLE_OBJC_ARC = YES;
				CLANG_WARN_BOOL_CONVERSION = YES;
				CLANG_WARN_CONSTANT_CONVERSION = YES;
				CLANG_WARN_DIRECT_OBJC_ISA_USAGE = YES_ERROR;
				CLANG_WARN_EMPTY_BODY = YES;
				CLANG_WARN_ENUM_CONVERSION = YES;
				CLANG_WARN_INT_CONVERSION = YES;
				CLANG_WARN_OBJC_ROOT_CLASS = YES_ERROR;
				CLANG_WARN__DUPLICATE_METHOD_MATCH = YES;
				"CODE_SIGN_IDENTITY[sdk=iphoneos*]" = "iPhone Developer";
				COPY_PHASE_STRIP = NO;
				GCC_C_LANGUAGE_STANDARD = gnu99;
				GCC_DYNAMIC_NO_PIC = NO;
				GCC_OPTIMIZATION_LEVEL = 0;
				GCC_PREPROCESSOR_DEFINITIONS = (
					"DEBUG=1",
					"$(inherited)",
				);
				GCC_SYMBOLS_PRIVATE_EXTERN = NO;
				GCC_WARN_64_TO_32_BIT_CONVERSION = YES;
				GCC_WARN_ABOUT_RETURN_TYPE = YES_ERROR;
				GCC_WARN_UNDECLARED_SELECTOR = YES;
				GCC_WARN_UNINITIALIZED_AUTOS = YES_AGGRESSIVE;
				GCC_WARN_UNUSED_FUNCTION = YES;
				GCC_WARN_UNUSED_VARIABLE = YES;
				IPHONEOS_DEPLOYMENT_TARGET = 7.1;
				ONLY_ACTIVE_ARCH = YES;
				SDKROOT = iphoneos;
			};
			name = Debug;
		};
		79D0E61A19CB23AD009C0B3D /* Release */ = {
			isa = XCBuildConfiguration;
			buildSettings = {
				ALWAYS_SEARCH_USER_PATHS = NO;
				CLANG_CXX_LANGUAGE_STANDARD = "gnu++0x";
				CLANG_CXX_LIBRARY = "libc++";
				CLANG_ENABLE_MODULES = YES;
				CLANG_ENABLE_OBJC_ARC = YES;
				CLANG_WARN_BOOL_CONVERSION = YES;
				CLANG_WARN_CONSTANT_CONVERSION = YES;
				CLANG_WARN_DIRECT_OBJC_ISA_USAGE = YES_ERROR;
				CLANG_WARN_EMPTY_BODY = YES;
				CLANG_WARN_ENUM_CONVERSION = YES;
				CLANG_WARN_INT_CONVERSION = YES;
				CLANG_WARN_OBJC_ROOT_CLASS = YES_ERROR;
				CLANG_WARN__DUPLICATE_METHOD_MATCH = YES;
				"CODE_SIGN_IDENTITY[sdk=iphoneos*]" = "iPhone Developer";
				COPY_PHASE_STRIP = YES;
				ENABLE_NS_ASSERTIONS = NO;
				GCC_C_LANGUAGE_STANDARD = gnu99;
				GCC_WARN_64_TO_32_BIT_CONVERSION = YES;
				GCC_WARN_ABOUT_RETURN_TYPE = YES_ERROR;
				GCC_WARN_UNDECLARED_SELECTOR = YES;
				GCC_WARN_UNINITIALIZED_AUTOS = YES_AGGRESSIVE;
				GCC_WARN_UNUSED_FUNCTION = YES;
				GCC_WARN_UNUSED_VARIABLE = YES;
				IPHONEOS_DEPLOYMENT_TARGET = 7.1;
				SDKROOT = iphoneos;
				VALIDATE_PRODUCT = YES;
			};
			name = Release;
		};
		79D0E61C19CB23AD009C0B3D /* Debug */ = {
			isa = XCBuildConfiguration;
			buildSettings = {
				ASSETCATALOG_COMPILER_APPICON_NAME = AppIcon;
				ASSETCATALOG_COMPILER_LAUNCHIMAGE_NAME = LaunchImage;
				GCC_PRECOMPILE_PREFIX_HEADER = YES;
				GCC_PREFIX_HEADER = "WorkoutBuddy/WorkoutBuddy-Prefix.pch";
				INFOPLIST_FILE = "WorkoutBuddy/WorkoutBuddy-Info.plist";
				PRODUCT_NAME = "$(TARGET_NAME)";
				WRAPPER_EXTENSION = app;
			};
			name = Debug;
		};
		79D0E61D19CB23AD009C0B3D /* Release */ = {
			isa = XCBuildConfiguration;
			buildSettings = {
				ASSETCATALOG_COMPILER_APPICON_NAME = AppIcon;
				ASSETCATALOG_COMPILER_LAUNCHIMAGE_NAME = LaunchImage;
				GCC_PRECOMPILE_PREFIX_HEADER = YES;
				GCC_PREFIX_HEADER = "WorkoutBuddy/WorkoutBuddy-Prefix.pch";
				INFOPLIST_FILE = "WorkoutBuddy/WorkoutBuddy-Info.plist";
				PRODUCT_NAME = "$(TARGET_NAME)";
				WRAPPER_EXTENSION = app;
			};
			name = Release;
		};
		79D0E61F19CB23AD009C0B3D /* Debug */ = {
			isa = XCBuildConfiguration;
			buildSettings = {
				BUNDLE_LOADER = "$(BUILT_PRODUCTS_DIR)/WorkoutBuddy.app/WorkoutBuddy";
				FRAMEWORK_SEARCH_PATHS = (
					"$(SDKROOT)/Developer/Library/Frameworks",
					"$(inherited)",
					"$(DEVELOPER_FRAMEWORKS_DIR)",
				);
				GCC_PRECOMPILE_PREFIX_HEADER = YES;
				GCC_PREFIX_HEADER = "WorkoutBuddy/WorkoutBuddy-Prefix.pch";
				GCC_PREPROCESSOR_DEFINITIONS = (
					"DEBUG=1",
					"$(inherited)",
				);
				INFOPLIST_FILE = "WorkoutBuddyTests/WorkoutBuddyTests-Info.plist";
				PRODUCT_NAME = "$(TARGET_NAME)";
				TEST_HOST = "$(BUNDLE_LOADER)";
				WRAPPER_EXTENSION = xctest;
			};
			name = Debug;
		};
		79D0E62019CB23AD009C0B3D /* Release */ = {
			isa = XCBuildConfiguration;
			buildSettings = {
				BUNDLE_LOADER = "$(BUILT_PRODUCTS_DIR)/WorkoutBuddy.app/WorkoutBuddy";
				FRAMEWORK_SEARCH_PATHS = (
					"$(SDKROOT)/Developer/Library/Frameworks",
					"$(inherited)",
					"$(DEVELOPER_FRAMEWORKS_DIR)",
				);
				GCC_PRECOMPILE_PREFIX_HEADER = YES;
				GCC_PREFIX_HEADER = "WorkoutBuddy/WorkoutBuddy-Prefix.pch";
				INFOPLIST_FILE = "WorkoutBuddyTests/WorkoutBuddyTests-Info.plist";
				PRODUCT_NAME = "$(TARGET_NAME)";
				TEST_HOST = "$(BUNDLE_LOADER)";
				WRAPPER_EXTENSION = xctest;
			};
			name = Release;
		};
/* End XCBuildConfiguration section */

/* Begin XCConfigurationList section */
		79D0E5EA19CB23AC009C0B3D /* Build configuration list for PBXProject "WorkoutBuddy" */ = {
			isa = XCConfigurationList;
			buildConfigurations = (
				79D0E61919CB23AD009C0B3D /* Debug */,
				79D0E61A19CB23AD009C0B3D /* Release */,
			);
			defaultConfigurationIsVisible = 0;
			defaultConfigurationName = Release;
		};
		79D0E61B19CB23AD009C0B3D /* Build configuration list for PBXNativeTarget "WorkoutBuddy" */ = {
			isa = XCConfigurationList;
			buildConfigurations = (
				79D0E61C19CB23AD009C0B3D /* Debug */,
				79D0E61D19CB23AD009C0B3D /* Release */,
			);
			defaultConfigurationIsVisible = 0;
		};
		79D0E61E19CB23AD009C0B3D /* Build configuration list for PBXNativeTarget "WorkoutBuddyTests" */ = {
			isa = XCConfigurationList;
			buildConfigurations = (
				79D0E61F19CB23AD009C0B3D /* Debug */,
				79D0E62019CB23AD009C0B3D /* Release */,
			);
			defaultConfigurationIsVisible = 0;
		};
/* End XCConfigurationList section */
	};
	rootObject = 79D0E5E719CB23AC009C0B3D /* Project object */;
}
